// !$*UTF8*$!
{
	archiveVersion = 1;
	classes = {
	};
	objectVersion = 46;
	objects = {

/* Begin PBXBuildFile section */
		BEDCB68C1E4F9F690013C405 /* format.cc in Sources */ = {isa = PBXBuildFile; fileRef = BEDCB6621E4F9F690013C405 /* format.cc */; };
		BEDCB68D1E4F9F690013C405 /* format.cc in Sources */ = {isa = PBXBuildFile; fileRef = BEDCB6621E4F9F690013C405 /* format.cc */; };
		BEDCB68E1E4F9F690013C405 /* format.h in Headers */ = {isa = PBXBuildFile; fileRef = BEDCB6631E4F9F690013C405 /* format.h */; };
		BEDCB68F1E4F9F690013C405 /* format.h in Headers */ = {isa = PBXBuildFile; fileRef = BEDCB6631E4F9F690013C405 /* format.h */; };
		BEDCB6901E4F9F690013C405 /* Factory.h in Headers */ = {isa = PBXBuildFile; fileRef = BEDCB6661E4F9F690013C405 /* Factory.h */; };
		BEDCB6911E4F9F690013C405 /* Factory.h in Headers */ = {isa = PBXBuildFile; fileRef = BEDCB6661E4F9F690013C405 /* Factory.h */; };
		BEDCB6921E4F9F690013C405 /* Button.cpp in Sources */ = {isa = PBXBuildFile; fileRef = BEDCB6681E4F9F690013C405 /* Button.cpp */; };
		BEDCB6931E4F9F690013C405 /* Button.cpp in Sources */ = {isa = PBXBuildFile; fileRef = BEDCB6681E4F9F690013C405 /* Button.cpp */; };
		BEDCB6941E4F9F690013C405 /* Button.h in Headers */ = {isa = PBXBuildFile; fileRef = BEDCB6691E4F9F690013C405 /* Button.h */; };
		BEDCB6951E4F9F690013C405 /* Button.h in Headers */ = {isa = PBXBuildFile; fileRef = BEDCB6691E4F9F690013C405 /* Button.h */; };
		BEDCB6961E4F9F690013C405 /* Control.cpp in Sources */ = {isa = PBXBuildFile; fileRef = BEDCB66A1E4F9F690013C405 /* Control.cpp */; };
		BEDCB6971E4F9F690013C405 /* Control.cpp in Sources */ = {isa = PBXBuildFile; fileRef = BEDCB66A1E4F9F690013C405 /* Control.cpp */; };
		BEDCB6981E4F9F690013C405 /* Control.h in Headers */ = {isa = PBXBuildFile; fileRef = BEDCB66B1E4F9F690013C405 /* Control.h */; };
		BEDCB6991E4F9F690013C405 /* Control.h in Headers */ = {isa = PBXBuildFile; fileRef = BEDCB66B1E4F9F690013C405 /* Control.h */; };
		BEDCB69A1E4F9F690013C405 /* Export.h in Headers */ = {isa = PBXBuildFile; fileRef = BEDCB66C1E4F9F690013C405 /* Export.h */; };
		BEDCB69B1E4F9F690013C405 /* Export.h in Headers */ = {isa = PBXBuildFile; fileRef = BEDCB66C1E4F9F690013C405 /* Export.h */; };
		BEDCB69C1E4F9F690013C405 /* Filter.cpp in Sources */ = {isa = PBXBuildFile; fileRef = BEDCB66D1E4F9F690013C405 /* Filter.cpp */; };
		BEDCB69D1E4F9F690013C405 /* Filter.cpp in Sources */ = {isa = PBXBuildFile; fileRef = BEDCB66D1E4F9F690013C405 /* Filter.cpp */; };
		BEDCB69E1E4F9F690013C405 /* Filter.h in Headers */ = {isa = PBXBuildFile; fileRef = BEDCB66E1E4F9F690013C405 /* Filter.h */; };
		BEDCB69F1E4F9F690013C405 /* Filter.h in Headers */ = {isa = PBXBuildFile; fileRef = BEDCB66E1E4F9F690013C405 /* Filter.h */; };
		BEDCB6A01E4F9F690013C405 /* Graph.cpp in Sources */ = {isa = PBXBuildFile; fileRef = BEDCB66F1E4F9F690013C405 /* Graph.cpp */; };
		BEDCB6A11E4F9F690013C405 /* Graph.cpp in Sources */ = {isa = PBXBuildFile; fileRef = BEDCB66F1E4F9F690013C405 /* Graph.cpp */; };
		BEDCB6A21E4F9F690013C405 /* Graph.h in Headers */ = {isa = PBXBuildFile; fileRef = BEDCB6701E4F9F690013C405 /* Graph.h */; };
		BEDCB6A31E4F9F690013C405 /* Graph.h in Headers */ = {isa = PBXBuildFile; fileRef = BEDCB6701E4F9F690013C405 /* Graph.h */; };
		BEDCB6A41E4F9F690013C405 /* Image.cpp in Sources */ = {isa = PBXBuildFile; fileRef = BEDCB6711E4F9F690013C405 /* Image.cpp */; };
		BEDCB6A51E4F9F690013C405 /* Image.cpp in Sources */ = {isa = PBXBuildFile; fileRef = BEDCB6711E4F9F690013C405 /* Image.cpp */; };
		BEDCB6A61E4F9F690013C405 /* Image.h in Headers */ = {isa = PBXBuildFile; fileRef = BEDCB6721E4F9F690013C405 /* Image.h */; };
		BEDCB6A71E4F9F690013C405 /* Image.h in Headers */ = {isa = PBXBuildFile; fileRef = BEDCB6721E4F9F690013C405 /* Image.h */; };
		BEDCB6A81E4F9F690013C405 /* ImageView.cpp in Sources */ = {isa = PBXBuildFile; fileRef = BEDCB6731E4F9F690013C405 /* ImageView.cpp */; };
		BEDCB6A91E4F9F690013C405 /* ImageView.cpp in Sources */ = {isa = PBXBuildFile; fileRef = BEDCB6731E4F9F690013C405 /* ImageView.cpp */; };
		BEDCB6AA1E4F9F690013C405 /* ImageView.h in Headers */ = {isa = PBXBuildFile; fileRef = BEDCB6741E4F9F690013C405 /* ImageView.h */; };
		BEDCB6AB1E4F9F690013C405 /* ImageView.h in Headers */ = {isa = PBXBuildFile; fileRef = BEDCB6741E4F9F690013C405 /* ImageView.h */; };
		BEDCB6AC1E4F9F690013C405 /* Interface3d.cpp in Sources */ = {isa = PBXBuildFile; fileRef = BEDCB6751E4F9F690013C405 /* Interface3d.cpp */; };
		BEDCB6AD1E4F9F690013C405 /* Interface3d.cpp in Sources */ = {isa = PBXBuildFile; fileRef = BEDCB6751E4F9F690013C405 /* Interface3d.cpp */; };
		BEDCB6AE1E4F9F690013C405 /* Interface3d.h in Headers */ = {isa = PBXBuildFile; fileRef = BEDCB6761E4F9F690013C405 /* Interface3d.h */; };
		BEDCB6AF1E4F9F690013C405 /* Interface3d.h in Headers */ = {isa = PBXBuildFile; fileRef = BEDCB6761E4F9F690013C405 /* Interface3d.h */; };
		BEDCB6B01E4F9F690013C405 /* Label.cpp in Sources */ = {isa = PBXBuildFile; fileRef = BEDCB6771E4F9F690013C405 /* Label.cpp */; };
		BEDCB6B11E4F9F690013C405 /* Label.cpp in Sources */ = {isa = PBXBuildFile; fileRef = BEDCB6771E4F9F690013C405 /* Label.cpp */; };
		BEDCB6B21E4F9F690013C405 /* Label.h in Headers */ = {isa = PBXBuildFile; fileRef = BEDCB6781E4F9F690013C405 /* Label.h */; };
		BEDCB6B31E4F9F690013C405 /* Label.h in Headers */ = {isa = PBXBuildFile; fileRef = BEDCB6781E4F9F690013C405 /* Label.h */; };
		BEDCB6B41E4F9F690013C405 /* Layer.cpp in Sources */ = {isa = PBXBuildFile; fileRef = BEDCB6791E4F9F690013C405 /* Layer.cpp */; };
		BEDCB6B51E4F9F690013C405 /* Layer.cpp in Sources */ = {isa = PBXBuildFile; fileRef = BEDCB6791E4F9F690013C405 /* Layer.cpp */; };
		BEDCB6B61E4F9F690013C405 /* Layer.h in Headers */ = {isa = PBXBuildFile; fileRef = BEDCB67A1E4F9F690013C405 /* Layer.h */; };
		BEDCB6B71E4F9F690013C405 /* Layer.h in Headers */ = {isa = PBXBuildFile; fileRef = BEDCB67A1E4F9F690013C405 /* Layer.h */; };
		BEDCB6B81E4F9F690013C405 /* Layout.cpp in Sources */ = {isa = PBXBuildFile; fileRef = BEDCB67B1E4F9F690013C405 /* Layout.cpp */; };
		BEDCB6B91E4F9F690013C405 /* Layout.cpp in Sources */ = {isa = PBXBuildFile; fileRef = BEDCB67B1E4F9F690013C405 /* Layout.cpp */; };
		BEDCB6BA1E4F9F690013C405 /* Layout.h in Headers */ = {isa = PBXBuildFile; fileRef = BEDCB67C1E4F9F690013C405 /* Layout.h */; };
		BEDCB6BB1E4F9F690013C405 /* Layout.h in Headers */ = {isa = PBXBuildFile; fileRef = BEDCB67C1E4F9F690013C405 /* Layout.h */; };
		BEDCB6BC1E4F9F690013C405 /* Renderer.cpp in Sources */ = {isa = PBXBuildFile; fileRef = BEDCB67D1E4F9F690013C405 /* Renderer.cpp */; };
		BEDCB6BD1E4F9F690013C405 /* Renderer.cpp in Sources */ = {isa = PBXBuildFile; fileRef = BEDCB67D1E4F9F690013C405 /* Renderer.cpp */; };
		BEDCB6BE1E4F9F690013C405 /* Renderer.h in Headers */ = {isa = PBXBuildFile; fileRef = BEDCB67E1E4F9F690013C405 /* Renderer.h */; };
		BEDCB6BF1E4F9F690013C405 /* Renderer.h in Headers */ = {isa = PBXBuildFile; fileRef = BEDCB67E1E4F9F690013C405 /* Renderer.h */; };
		BEDCB6C01E4F9F690013C405 /* ScrollView.cpp in Sources */ = {isa = PBXBuildFile; fileRef = BEDCB67F1E4F9F690013C405 /* ScrollView.cpp */; };
		BEDCB6C11E4F9F690013C405 /* ScrollView.cpp in Sources */ = {isa = PBXBuildFile; fileRef = BEDCB67F1E4F9F690013C405 /* ScrollView.cpp */; };
		BEDCB6C21E4F9F690013C405 /* ScrollView.h in Headers */ = {isa = PBXBuildFile; fileRef = BEDCB6801E4F9F690013C405 /* ScrollView.h */; };
		BEDCB6C31E4F9F690013C405 /* ScrollView.h in Headers */ = {isa = PBXBuildFile; fileRef = BEDCB6801E4F9F690013C405 /* ScrollView.h */; };
		BEDCB6C41E4F9F690013C405 /* Selector.cpp in Sources */ = {isa = PBXBuildFile; fileRef = BEDCB6811E4F9F690013C405 /* Selector.cpp */; };
		BEDCB6C51E4F9F690013C405 /* Selector.cpp in Sources */ = {isa = PBXBuildFile; fileRef = BEDCB6811E4F9F690013C405 /* Selector.cpp */; };
		BEDCB6C61E4F9F690013C405 /* Selector.h in Headers */ = {isa = PBXBuildFile; fileRef = BEDCB6821E4F9F690013C405 /* Selector.h */; };
		BEDCB6C71E4F9F690013C405 /* Selector.h in Headers */ = {isa = PBXBuildFile; fileRef = BEDCB6821E4F9F690013C405 /* Selector.h */; };
		BEDCB6C81E4F9F690013C405 /* Slider.cpp in Sources */ = {isa = PBXBuildFile; fileRef = BEDCB6831E4F9F690013C405 /* Slider.cpp */; };
		BEDCB6C91E4F9F690013C405 /* Slider.cpp in Sources */ = {isa = PBXBuildFile; fileRef = BEDCB6831E4F9F690013C405 /* Slider.cpp */; };
		BEDCB6CA1E4F9F690013C405 /* Slider.h in Headers */ = {isa = PBXBuildFile; fileRef = BEDCB6841E4F9F690013C405 /* Slider.h */; };
		BEDCB6CB1E4F9F690013C405 /* Slider.h in Headers */ = {isa = PBXBuildFile; fileRef = BEDCB6841E4F9F690013C405 /* Slider.h */; };
		BEDCB6CC1E4F9F690013C405 /* Suite.cpp in Sources */ = {isa = PBXBuildFile; fileRef = BEDCB6851E4F9F690013C405 /* Suite.cpp */; };
		BEDCB6CD1E4F9F690013C405 /* Suite.cpp in Sources */ = {isa = PBXBuildFile; fileRef = BEDCB6851E4F9F690013C405 /* Suite.cpp */; };
		BEDCB6CE1E4F9F690013C405 /* Suite.h in Headers */ = {isa = PBXBuildFile; fileRef = BEDCB6861E4F9F690013C405 /* Suite.h */; };
		BEDCB6CF1E4F9F690013C405 /* Suite.h in Headers */ = {isa = PBXBuildFile; fileRef = BEDCB6861E4F9F690013C405 /* Suite.h */; };
		BEDCB6D01E4F9F690013C405 /* TextManager.cpp in Sources */ = {isa = PBXBuildFile; fileRef = BEDCB6871E4F9F690013C405 /* TextManager.cpp */; };
		BEDCB6D11E4F9F690013C405 /* TextManager.cpp in Sources */ = {isa = PBXBuildFile; fileRef = BEDCB6871E4F9F690013C405 /* TextManager.cpp */; };
		BEDCB6D21E4F9F690013C405 /* TextManager.h in Headers */ = {isa = PBXBuildFile; fileRef = BEDCB6881E4F9F690013C405 /* TextManager.h */; };
		BEDCB6D31E4F9F690013C405 /* TextManager.h in Headers */ = {isa = PBXBuildFile; fileRef = BEDCB6881E4F9F690013C405 /* TextManager.h */; };
		BEDCB6D41E4F9F690013C405 /* ui.h in Headers */ = {isa = PBXBuildFile; fileRef = BEDCB6891E4F9F690013C405 /* ui.h */; };
		BEDCB6D51E4F9F690013C405 /* ui.h in Headers */ = {isa = PBXBuildFile; fileRef = BEDCB6891E4F9F690013C405 /* ui.h */; };
		BEDCB6D61E4F9F690013C405 /* View.cpp in Sources */ = {isa = PBXBuildFile; fileRef = BEDCB68A1E4F9F690013C405 /* View.cpp */; };
		BEDCB6D71E4F9F690013C405 /* View.cpp in Sources */ = {isa = PBXBuildFile; fileRef = BEDCB68A1E4F9F690013C405 /* View.cpp */; };
		BEDCB6D81E4F9F690013C405 /* View.h in Headers */ = {isa = PBXBuildFile; fileRef = BEDCB68B1E4F9F690013C405 /* View.h */; };
		BEDCB6D91E4F9F690013C405 /* View.h in Headers */ = {isa = PBXBuildFile; fileRef = BEDCB68B1E4F9F690013C405 /* View.h */; };
/* End PBXBuildFile section */

/* Begin PBXFileReference section */
		1104F3C917753F10003EAA2B /* libcinder-view.a */ = {isa = PBXFileReference; explicitFileType = archive.ar; includeInIndex = 0; path = "libcinder-view.a"; sourceTree = BUILT_PRODUCTS_DIR; };
		1104F3CC17753F10003EAA2B /* Cocoa.framework */ = {isa = PBXFileReference; lastKnownFileType = wrapper.framework; name = Cocoa.framework; path = System/Library/Frameworks/Cocoa.framework; sourceTree = SDKROOT; };
		1104F3CF17753F10003EAA2B /* Foundation.framework */ = {isa = PBXFileReference; lastKnownFileType = wrapper.framework; name = Foundation.framework; path = System/Library/Frameworks/Foundation.framework; sourceTree = SDKROOT; };
		11B0421C179B90450034BEE2 /* libcinder-view.a */ = {isa = PBXFileReference; explicitFileType = archive.ar; includeInIndex = 0; path = "libcinder-view.a"; sourceTree = BUILT_PRODUCTS_DIR; };
		BEDCB6621E4F9F690013C405 /* format.cc */ = {isa = PBXFileReference; fileEncoding = 4; lastKnownFileType = sourcecode.cpp.cpp; path = format.cc; sourceTree = "<group>"; };
		BEDCB6631E4F9F690013C405 /* format.h */ = {isa = PBXFileReference; fileEncoding = 4; lastKnownFileType = sourcecode.c.h; path = format.h; sourceTree = "<group>"; };
		BEDCB6641E4F9F690013C405 /* readme.txt */ = {isa = PBXFileReference; fileEncoding = 4; lastKnownFileType = text; path = readme.txt; sourceTree = "<group>"; };
		BEDCB6661E4F9F690013C405 /* Factory.h */ = {isa = PBXFileReference; fileEncoding = 4; lastKnownFileType = sourcecode.c.h; path = Factory.h; sourceTree = "<group>"; };
		BEDCB6681E4F9F690013C405 /* Button.cpp */ = {isa = PBXFileReference; fileEncoding = 4; lastKnownFileType = sourcecode.cpp.cpp; path = Button.cpp; sourceTree = "<group>"; };
		BEDCB6691E4F9F690013C405 /* Button.h */ = {isa = PBXFileReference; fileEncoding = 4; lastKnownFileType = sourcecode.c.h; path = Button.h; sourceTree = "<group>"; };
		BEDCB66A1E4F9F690013C405 /* Control.cpp */ = {isa = PBXFileReference; fileEncoding = 4; lastKnownFileType = sourcecode.cpp.cpp; path = Control.cpp; sourceTree = "<group>"; };
		BEDCB66B1E4F9F690013C405 /* Control.h */ = {isa = PBXFileReference; fileEncoding = 4; lastKnownFileType = sourcecode.c.h; path = Control.h; sourceTree = "<group>"; };
		BEDCB66C1E4F9F690013C405 /* Export.h */ = {isa = PBXFileReference; fileEncoding = 4; lastKnownFileType = sourcecode.c.h; path = Export.h; sourceTree = "<group>"; };
		BEDCB66D1E4F9F690013C405 /* Filter.cpp */ = {isa = PBXFileReference; fileEncoding = 4; lastKnownFileType = sourcecode.cpp.cpp; path = Filter.cpp; sourceTree = "<group>"; };
		BEDCB66E1E4F9F690013C405 /* Filter.h */ = {isa = PBXFileReference; fileEncoding = 4; lastKnownFileType = sourcecode.c.h; path = Filter.h; sourceTree = "<group>"; };
		BEDCB66F1E4F9F690013C405 /* Graph.cpp */ = {isa = PBXFileReference; fileEncoding = 4; lastKnownFileType = sourcecode.cpp.cpp; path = Graph.cpp; sourceTree = "<group>"; };
		BEDCB6701E4F9F690013C405 /* Graph.h */ = {isa = PBXFileReference; fileEncoding = 4; lastKnownFileType = sourcecode.c.h; path = Graph.h; sourceTree = "<group>"; };
		BEDCB6711E4F9F690013C405 /* Image.cpp */ = {isa = PBXFileReference; fileEncoding = 4; lastKnownFileType = sourcecode.cpp.cpp; path = Image.cpp; sourceTree = "<group>"; };
		BEDCB6721E4F9F690013C405 /* Image.h */ = {isa = PBXFileReference; fileEncoding = 4; lastKnownFileType = sourcecode.c.h; path = Image.h; sourceTree = "<group>"; };
		BEDCB6731E4F9F690013C405 /* ImageView.cpp */ = {isa = PBXFileReference; fileEncoding = 4; lastKnownFileType = sourcecode.cpp.cpp; path = ImageView.cpp; sourceTree = "<group>"; };
		BEDCB6741E4F9F690013C405 /* ImageView.h */ = {isa = PBXFileReference; fileEncoding = 4; lastKnownFileType = sourcecode.c.h; path = ImageView.h; sourceTree = "<group>"; };
		BEDCB6751E4F9F690013C405 /* Interface3d.cpp */ = {isa = PBXFileReference; fileEncoding = 4; lastKnownFileType = sourcecode.cpp.cpp; path = Interface3d.cpp; sourceTree = "<group>"; };
		BEDCB6761E4F9F690013C405 /* Interface3d.h */ = {isa = PBXFileReference; fileEncoding = 4; lastKnownFileType = sourcecode.c.h; path = Interface3d.h; sourceTree = "<group>"; };
		BEDCB6771E4F9F690013C405 /* Label.cpp */ = {isa = PBXFileReference; fileEncoding = 4; lastKnownFileType = sourcecode.cpp.cpp; path = Label.cpp; sourceTree = "<group>"; };
		BEDCB6781E4F9F690013C405 /* Label.h */ = {isa = PBXFileReference; fileEncoding = 4; lastKnownFileType = sourcecode.c.h; path = Label.h; sourceTree = "<group>"; };
		BEDCB6791E4F9F690013C405 /* Layer.cpp */ = {isa = PBXFileReference; fileEncoding = 4; lastKnownFileType = sourcecode.cpp.cpp; path = Layer.cpp; sourceTree = "<group>"; };
		BEDCB67A1E4F9F690013C405 /* Layer.h */ = {isa = PBXFileReference; fileEncoding = 4; lastKnownFileType = sourcecode.c.h; path = Layer.h; sourceTree = "<group>"; };
		BEDCB67B1E4F9F690013C405 /* Layout.cpp */ = {isa = PBXFileReference; fileEncoding = 4; lastKnownFileType = sourcecode.cpp.cpp; path = Layout.cpp; sourceTree = "<group>"; };
		BEDCB67C1E4F9F690013C405 /* Layout.h */ = {isa = PBXFileReference; fileEncoding = 4; lastKnownFileType = sourcecode.c.h; path = Layout.h; sourceTree = "<group>"; };
		BEDCB67D1E4F9F690013C405 /* Renderer.cpp */ = {isa = PBXFileReference; fileEncoding = 4; lastKnownFileType = sourcecode.cpp.cpp; path = Renderer.cpp; sourceTree = "<group>"; };
		BEDCB67E1E4F9F690013C405 /* Renderer.h */ = {isa = PBXFileReference; fileEncoding = 4; lastKnownFileType = sourcecode.c.h; path = Renderer.h; sourceTree = "<group>"; };
		BEDCB67F1E4F9F690013C405 /* ScrollView.cpp */ = {isa = PBXFileReference; fileEncoding = 4; lastKnownFileType = sourcecode.cpp.cpp; path = ScrollView.cpp; sourceTree = "<group>"; };
		BEDCB6801E4F9F690013C405 /* ScrollView.h */ = {isa = PBXFileReference; fileEncoding = 4; lastKnownFileType = sourcecode.c.h; path = ScrollView.h; sourceTree = "<group>"; };
		BEDCB6811E4F9F690013C405 /* Selector.cpp */ = {isa = PBXFileReference; fileEncoding = 4; lastKnownFileType = sourcecode.cpp.cpp; path = Selector.cpp; sourceTree = "<group>"; };
		BEDCB6821E4F9F690013C405 /* Selector.h */ = {isa = PBXFileReference; fileEncoding = 4; lastKnownFileType = sourcecode.c.h; path = Selector.h; sourceTree = "<group>"; };
		BEDCB6831E4F9F690013C405 /* Slider.cpp */ = {isa = PBXFileReference; fileEncoding = 4; lastKnownFileType = sourcecode.cpp.cpp; path = Slider.cpp; sourceTree = "<group>"; };
		BEDCB6841E4F9F690013C405 /* Slider.h */ = {isa = PBXFileReference; fileEncoding = 4; lastKnownFileType = sourcecode.c.h; path = Slider.h; sourceTree = "<group>"; };
		BEDCB6851E4F9F690013C405 /* Suite.cpp */ = {isa = PBXFileReference; fileEncoding = 4; lastKnownFileType = sourcecode.cpp.cpp; path = Suite.cpp; sourceTree = "<group>"; };
		BEDCB6861E4F9F690013C405 /* Suite.h */ = {isa = PBXFileReference; fileEncoding = 4; lastKnownFileType = sourcecode.c.h; path = Suite.h; sourceTree = "<group>"; };
		BEDCB6871E4F9F690013C405 /* TextManager.cpp */ = {isa = PBXFileReference; fileEncoding = 4; lastKnownFileType = sourcecode.cpp.cpp; path = TextManager.cpp; sourceTree = "<group>"; };
		BEDCB6881E4F9F690013C405 /* TextManager.h */ = {isa = PBXFileReference; fileEncoding = 4; lastKnownFileType = sourcecode.c.h; path = TextManager.h; sourceTree = "<group>"; };
		BEDCB6891E4F9F690013C405 /* ui.h */ = {isa = PBXFileReference; fileEncoding = 4; lastKnownFileType = sourcecode.c.h; path = ui.h; sourceTree = "<group>"; };
		BEDCB68A1E4F9F690013C405 /* View.cpp */ = {isa = PBXFileReference; fileEncoding = 4; lastKnownFileType = sourcecode.cpp.cpp; path = View.cpp; sourceTree = "<group>"; };
		BEDCB68B1E4F9F690013C405 /* View.h */ = {isa = PBXFileReference; fileEncoding = 4; lastKnownFileType = sourcecode.c.h; path = View.h; sourceTree = "<group>"; };
/* End PBXFileReference section */

/* Begin PBXFrameworksBuildPhase section */
		1104F3C617753F10003EAA2B /* Frameworks */ = {
			isa = PBXFrameworksBuildPhase;
			buildActionMask = 2147483647;
			files = (
			);
			runOnlyForDeploymentPostprocessing = 0;
		};
		11B04202179B90450034BEE2 /* Frameworks */ = {
			isa = PBXFrameworksBuildPhase;
			buildActionMask = 2147483647;
			files = (
			);
			runOnlyForDeploymentPostprocessing = 0;
		};
/* End PBXFrameworksBuildPhase section */

/* Begin PBXGroup section */
		1104F3C017753F10003EAA2B = {
			isa = PBXGroup;
			children = (
				BEDCB6601E4F9F690013C405 /* src */,
				1104F3CB17753F10003EAA2B /* Frameworks */,
				1104F3CA17753F10003EAA2B /* Products */,
			);
			sourceTree = "<group>";
		};
		1104F3CA17753F10003EAA2B /* Products */ = {
			isa = PBXGroup;
			children = (
				1104F3C917753F10003EAA2B /* libcinder-view.a */,
				11B0421C179B90450034BEE2 /* libcinder-view.a */,
			);
			name = Products;
			sourceTree = "<group>";
		};
		1104F3CB17753F10003EAA2B /* Frameworks */ = {
			isa = PBXGroup;
			children = (
				1104F3CC17753F10003EAA2B /* Cocoa.framework */,
				1104F3CE17753F10003EAA2B /* Other Frameworks */,
			);
			name = Frameworks;
			sourceTree = "<group>";
		};
		1104F3CE17753F10003EAA2B /* Other Frameworks */ = {
			isa = PBXGroup;
			children = (
				1104F3CF17753F10003EAA2B /* Foundation.framework */,
			);
			name = "Other Frameworks";
			sourceTree = "<group>";
		};
		BEDCB6601E4F9F690013C405 /* src */ = {
			isa = PBXGroup;
			children = (
				BEDCB6611E4F9F690013C405 /* fmt */,
				BEDCB6651E4F9F690013C405 /* mason */,
				BEDCB6671E4F9F690013C405 /* ui */,
			);
			name = src;
			path = ../../src;
			sourceTree = "<group>";
		};
		BEDCB6611E4F9F690013C405 /* fmt */ = {
			isa = PBXGroup;
			children = (
				BEDCB6621E4F9F690013C405 /* format.cc */,
				BEDCB6631E4F9F690013C405 /* format.h */,
				BEDCB6641E4F9F690013C405 /* readme.txt */,
			);
			path = fmt;
			sourceTree = "<group>";
		};
		BEDCB6651E4F9F690013C405 /* mason */ = {
			isa = PBXGroup;
			children = (
				BEDCB6661E4F9F690013C405 /* Factory.h */,
			);
			path = mason;
			sourceTree = "<group>";
		};
		BEDCB6671E4F9F690013C405 /* ui */ = {
			isa = PBXGroup;
			children = (
				BEDCB6681E4F9F690013C405 /* Button.cpp */,
				BEDCB6691E4F9F690013C405 /* Button.h */,
				BEDCB66A1E4F9F690013C405 /* Control.cpp */,
				BEDCB66B1E4F9F690013C405 /* Control.h */,
				BEDCB66C1E4F9F690013C405 /* Export.h */,
				BEDCB66D1E4F9F690013C405 /* Filter.cpp */,
				BEDCB66E1E4F9F690013C405 /* Filter.h */,
				BEDCB66F1E4F9F690013C405 /* Graph.cpp */,
				BEDCB6701E4F9F690013C405 /* Graph.h */,
				BEDCB6711E4F9F690013C405 /* Image.cpp */,
				BEDCB6721E4F9F690013C405 /* Image.h */,
				BEDCB6731E4F9F690013C405 /* ImageView.cpp */,
				BEDCB6741E4F9F690013C405 /* ImageView.h */,
				BEDCB6751E4F9F690013C405 /* Interface3d.cpp */,
				BEDCB6761E4F9F690013C405 /* Interface3d.h */,
				BEDCB6771E4F9F690013C405 /* Label.cpp */,
				BEDCB6781E4F9F690013C405 /* Label.h */,
				BEDCB6791E4F9F690013C405 /* Layer.cpp */,
				BEDCB67A1E4F9F690013C405 /* Layer.h */,
				BEDCB67B1E4F9F690013C405 /* Layout.cpp */,
				BEDCB67C1E4F9F690013C405 /* Layout.h */,
				BEDCB67D1E4F9F690013C405 /* Renderer.cpp */,
				BEDCB67E1E4F9F690013C405 /* Renderer.h */,
				BEDCB67F1E4F9F690013C405 /* ScrollView.cpp */,
				BEDCB6801E4F9F690013C405 /* ScrollView.h */,
				BEDCB6811E4F9F690013C405 /* Selector.cpp */,
				BEDCB6821E4F9F690013C405 /* Selector.h */,
				BEDCB6831E4F9F690013C405 /* Slider.cpp */,
				BEDCB6841E4F9F690013C405 /* Slider.h */,
				BEDCB6851E4F9F690013C405 /* Suite.cpp */,
				BEDCB6861E4F9F690013C405 /* Suite.h */,
				BEDCB6871E4F9F690013C405 /* TextManager.cpp */,
				BEDCB6881E4F9F690013C405 /* TextManager.h */,
				BEDCB6891E4F9F690013C405 /* ui.h */,
				BEDCB68A1E4F9F690013C405 /* View.cpp */,
				BEDCB68B1E4F9F690013C405 /* View.h */,
			);
			path = ui;
			sourceTree = "<group>";
		};
/* End PBXGroup section */

/* Begin PBXHeadersBuildPhase section */
		1104F3C717753F10003EAA2B /* Headers */ = {
			isa = PBXHeadersBuildPhase;
			buildActionMask = 2147483647;
			files = (
				BEDCB6A61E4F9F690013C405 /* Image.h in Headers */,
				BEDCB6C61E4F9F690013C405 /* Selector.h in Headers */,
				BEDCB6BE1E4F9F690013C405 /* Renderer.h in Headers */,
				BEDCB69E1E4F9F690013C405 /* Filter.h in Headers */,
				BEDCB6D81E4F9F690013C405 /* View.h in Headers */,
				BEDCB6D41E4F9F690013C405 /* ui.h in Headers */,
				BEDCB6981E4F9F690013C405 /* Control.h in Headers */,
				BEDCB6C21E4F9F690013C405 /* ScrollView.h in Headers */,
				BEDCB68E1E4F9F690013C405 /* format.h in Headers */,
				BEDCB6AA1E4F9F690013C405 /* ImageView.h in Headers */,
				BEDCB6AE1E4F9F690013C405 /* Interface3d.h in Headers */,
				BEDCB6CE1E4F9F690013C405 /* Suite.h in Headers */,
				BEDCB6B61E4F9F690013C405 /* Layer.h in Headers */,
				BEDCB6901E4F9F690013C405 /* Factory.h in Headers */,
				BEDCB6CA1E4F9F690013C405 /* Slider.h in Headers */,
				BEDCB6A21E4F9F690013C405 /* Graph.h in Headers */,
				BEDCB69A1E4F9F690013C405 /* Export.h in Headers */,
				BEDCB6941E4F9F690013C405 /* Button.h in Headers */,
				BEDCB6BA1E4F9F690013C405 /* Layout.h in Headers */,
				BEDCB6D21E4F9F690013C405 /* TextManager.h in Headers */,
				BEDCB6B21E4F9F690013C405 /* Label.h in Headers */,
			);
			runOnlyForDeploymentPostprocessing = 0;
		};
		11B04203179B90450034BEE2 /* Headers */ = {
			isa = PBXHeadersBuildPhase;
			buildActionMask = 2147483647;
			files = (
				BEDCB6A71E4F9F690013C405 /* Image.h in Headers */,
				BEDCB6C71E4F9F690013C405 /* Selector.h in Headers */,
				BEDCB6BF1E4F9F690013C405 /* Renderer.h in Headers */,
				BEDCB69F1E4F9F690013C405 /* Filter.h in Headers */,
				BEDCB6D91E4F9F690013C405 /* View.h in Headers */,
				BEDCB6D51E4F9F690013C405 /* ui.h in Headers */,
				BEDCB6991E4F9F690013C405 /* Control.h in Headers */,
				BEDCB6C31E4F9F690013C405 /* ScrollView.h in Headers */,
				BEDCB68F1E4F9F690013C405 /* format.h in Headers */,
				BEDCB6AB1E4F9F690013C405 /* ImageView.h in Headers */,
				BEDCB6AF1E4F9F690013C405 /* Interface3d.h in Headers */,
				BEDCB6CF1E4F9F690013C405 /* Suite.h in Headers */,
				BEDCB6B71E4F9F690013C405 /* Layer.h in Headers */,
				BEDCB6911E4F9F690013C405 /* Factory.h in Headers */,
				BEDCB6CB1E4F9F690013C405 /* Slider.h in Headers */,
				BEDCB6A31E4F9F690013C405 /* Graph.h in Headers */,
				BEDCB69B1E4F9F690013C405 /* Export.h in Headers */,
				BEDCB6951E4F9F690013C405 /* Button.h in Headers */,
				BEDCB6BB1E4F9F690013C405 /* Layout.h in Headers */,
				BEDCB6D31E4F9F690013C405 /* TextManager.h in Headers */,
				BEDCB6B31E4F9F690013C405 /* Label.h in Headers */,
			);
			runOnlyForDeploymentPostprocessing = 0;
		};
/* End PBXHeadersBuildPhase section */

/* Begin PBXNativeTarget section */
		1104F3C817753F10003EAA2B /* cinder-view-mac */ = {
			isa = PBXNativeTarget;
			buildConfigurationList = 1104F3ED17753F10003EAA2B /* Build configuration list for PBXNativeTarget "cinder-view-mac" */;
			buildPhases = (
				1104F3C517753F10003EAA2B /* Sources */,
				1104F3C617753F10003EAA2B /* Frameworks */,
				1104F3C717753F10003EAA2B /* Headers */,
			);
			buildRules = (
			);
			dependencies = (
			);
			name = "cinder-view-mac";
			productName = "cinder-viewMac";
			productReference = 1104F3C917753F10003EAA2B /* libcinder-view.a */;
			productType = "com.apple.product-type.library.static";
		};
		11B041F2179B90450034BEE2 /* cinder-view-ios */ = {
			isa = PBXNativeTarget;
			buildConfigurationList = 11B04219179B90450034BEE2 /* Build configuration list for PBXNativeTarget "cinder-view-ios" */;
			buildPhases = (
				11B041F3179B90450034BEE2 /* Sources */,
				11B04202179B90450034BEE2 /* Frameworks */,
				11B04203179B90450034BEE2 /* Headers */,
			);
			buildRules = (
			);
			dependencies = (
			);
			name = "cinder-view-ios";
			productName = "cinder-viewMac";
			productReference = 11B0421C179B90450034BEE2 /* libcinder-view.a */;
			productType = "com.apple.product-type.library.static";
		};
/* End PBXNativeTarget section */

/* Begin PBXProject section */
		1104F3C117753F10003EAA2B /* Project object */ = {
			isa = PBXProject;
			attributes = {
				LastUpgradeCheck = 0500;
				ORGANIZATIONNAME = Racoon;
			};
			buildConfigurationList = 1104F3C417753F10003EAA2B /* Build configuration list for PBXProject "cinder-view" */;
			compatibilityVersion = "Xcode 3.2";
			developmentRegion = English;
			hasScannedForEncodings = 0;
			knownRegions = (
				en,
			);
			mainGroup = 1104F3C017753F10003EAA2B;
			productRefGroup = 1104F3CA17753F10003EAA2B /* Products */;
			projectDirPath = "";
			projectRoot = "";
			targets = (
				1104F3C817753F10003EAA2B /* cinder-view-mac */,
				11B041F2179B90450034BEE2 /* cinder-view-ios */,
			);
		};
/* End PBXProject section */

/* Begin PBXSourcesBuildPhase section */
		1104F3C517753F10003EAA2B /* Sources */ = {
			isa = PBXSourcesBuildPhase;
			buildActionMask = 2147483647;
			files = (
				BEDCB6D61E4F9F690013C405 /* View.cpp in Sources */,
				BEDCB6BC1E4F9F690013C405 /* Renderer.cpp in Sources */,
				BEDCB6B01E4F9F690013C405 /* Label.cpp in Sources */,
				BEDCB6AC1E4F9F690013C405 /* Interface3d.cpp in Sources */,
				BEDCB68C1E4F9F690013C405 /* format.cc in Sources */,
				BEDCB6CC1E4F9F690013C405 /* Suite.cpp in Sources */,
				BEDCB6B81E4F9F690013C405 /* Layout.cpp in Sources */,
				BEDCB6C01E4F9F690013C405 /* ScrollView.cpp in Sources */,
				BEDCB69C1E4F9F690013C405 /* Filter.cpp in Sources */,
				BEDCB6921E4F9F690013C405 /* Button.cpp in Sources */,
				BEDCB6A81E4F9F690013C405 /* ImageView.cpp in Sources */,
				BEDCB6A41E4F9F690013C405 /* Image.cpp in Sources */,
				BEDCB6961E4F9F690013C405 /* Control.cpp in Sources */,
				BEDCB6A01E4F9F690013C405 /* Graph.cpp in Sources */,
				BEDCB6C41E4F9F690013C405 /* Selector.cpp in Sources */,
				BEDCB6C81E4F9F690013C405 /* Slider.cpp in Sources */,
				BEDCB6D01E4F9F690013C405 /* TextManager.cpp in Sources */,
				BEDCB6B41E4F9F690013C405 /* Layer.cpp in Sources */,
			);
			runOnlyForDeploymentPostprocessing = 0;
		};
		11B041F3179B90450034BEE2 /* Sources */ = {
			isa = PBXSourcesBuildPhase;
			buildActionMask = 2147483647;
			files = (
				BEDCB6D71E4F9F690013C405 /* View.cpp in Sources */,
				BEDCB6BD1E4F9F690013C405 /* Renderer.cpp in Sources */,
				BEDCB6B11E4F9F690013C405 /* Label.cpp in Sources */,
				BEDCB6AD1E4F9F690013C405 /* Interface3d.cpp in Sources */,
				BEDCB68D1E4F9F690013C405 /* format.cc in Sources */,
				BEDCB6CD1E4F9F690013C405 /* Suite.cpp in Sources */,
				BEDCB6B91E4F9F690013C405 /* Layout.cpp in Sources */,
				BEDCB6C11E4F9F690013C405 /* ScrollView.cpp in Sources */,
				BEDCB69D1E4F9F690013C405 /* Filter.cpp in Sources */,
				BEDCB6931E4F9F690013C405 /* Button.cpp in Sources */,
				BEDCB6A91E4F9F690013C405 /* ImageView.cpp in Sources */,
				BEDCB6A51E4F9F690013C405 /* Image.cpp in Sources */,
				BEDCB6971E4F9F690013C405 /* Control.cpp in Sources */,
				BEDCB6A11E4F9F690013C405 /* Graph.cpp in Sources */,
				BEDCB6C51E4F9F690013C405 /* Selector.cpp in Sources */,
				BEDCB6C91E4F9F690013C405 /* Slider.cpp in Sources */,
				BEDCB6D11E4F9F690013C405 /* TextManager.cpp in Sources */,
				BEDCB6B51E4F9F690013C405 /* Layer.cpp in Sources */,
			);
			runOnlyForDeploymentPostprocessing = 0;
		};
/* End PBXSourcesBuildPhase section */

/* Begin XCBuildConfiguration section */
		1104F3EB17753F10003EAA2B /* Debug */ = {
			isa = XCBuildConfiguration;
			buildSettings = {
				ALWAYS_SEARCH_USER_PATHS = NO;
				CINDER_PATH = /Users/Henrique/Documents/Dev/cpp/Cinder;
				CLANG_CXX_LANGUAGE_STANDARD = "c++14";
				CLANG_CXX_LIBRARY = "libc++";
				CONFIGURATION_TEMP_DIR = "build/$(CONFIGURATION)$(EFFECTIVE_PLATFORM_NAME)";
				COPY_PHASE_STRIP = NO;
				GCC_PRECOMPILE_PREFIX_HEADER = YES;
				GENERATE_MASTER_OBJECT_FILE = YES;
				HEADER_SEARCH_PATHS = "\"$(CINDER_PATH)/include\"";
				LINK_WITH_STANDARD_LIBRARIES = NO;
				MACOSX_DEPLOYMENT_TARGET = 10.8;
				OBJROOT = build;
				ONLY_ACTIVE_ARCH = NO;
				PRODUCT_NAME = "cinder-view";
				SDKROOT = macosx;
				USER_HEADER_SEARCH_PATHS = "../../src \"$(CINDER_PATH)/include\"";
			};
			name = Debug;
		};
		1104F3EC17753F10003EAA2B /* Release */ = {
			isa = XCBuildConfiguration;
			buildSettings = {
				ALWAYS_SEARCH_USER_PATHS = NO;
				CINDER_PATH = /Users/Henrique/Documents/Dev/cpp/Cinder;
				CLANG_CXX_LANGUAGE_STANDARD = "c++14";
				CLANG_CXX_LIBRARY = "libc++";
				CONFIGURATION_TEMP_DIR = "build/$(CONFIGURATION)$(EFFECTIVE_PLATFORM_NAME)";
				COPY_PHASE_STRIP = YES;
				DEBUG_INFORMATION_FORMAT = "dwarf-with-dsym";
				GCC_PRECOMPILE_PREFIX_HEADER = YES;
				GCC_PREPROCESSOR_DEFINITIONS = NDEBUG;
				GENERATE_MASTER_OBJECT_FILE = YES;
				HEADER_SEARCH_PATHS = "\"$(CINDER_PATH)/include\"";
				LINK_WITH_STANDARD_LIBRARIES = NO;
				MACOSX_DEPLOYMENT_TARGET = 10.8;
				OBJROOT = build;
				PRODUCT_NAME = "cinder-view";
				SDKROOT = macosx;
				USER_HEADER_SEARCH_PATHS = "../../src \"$(CINDER_PATH)/include\"";
			};
			name = Release;
		};
		1104F3EE17753F10003EAA2B /* Debug */ = {
			isa = XCBuildConfiguration;
			buildSettings = {
				ARCHS = "$(ARCHS_STANDARD_64_BIT)";
				ONLY_ACTIVE_ARCH = YES;
				SYMROOT = ../lib/macosx;
			};
			name = Debug;
		};
		1104F3EF17753F10003EAA2B /* Release */ = {
			isa = XCBuildConfiguration;
			buildSettings = {
				ARCHS = "$(ARCHS_STANDARD_64_BIT)";
				ONLY_ACTIVE_ARCH = YES;
				SYMROOT = ../lib/macosx;
			};
			name = Release;
		};
		11B0421A179B90450034BEE2 /* Debug */ = {
			isa = XCBuildConfiguration;
			buildSettings = {
				ARCHS = "$(ARCHS_STANDARD_INCLUDING_64_BIT)";
				GCC_DYNAMIC_NO_PIC = YES;
				GCC_PRECOMPILE_PREFIX_HEADER = NO;
				IPHONEOS_DEPLOYMENT_TARGET = 5.0;
				SDKROOT = iphoneos;
				SYMROOT = "../lib/cinder-view/ios";
				TARGETED_DEVICE_FAMILY = "1,2";
			};
			name = Debug;
		};
		11B0421B179B90450034BEE2 /* Release */ = {
			isa = XCBuildConfiguration;
			buildSettings = {
				ARCHS = "$(ARCHS_STANDARD_INCLUDING_64_BIT)";
				GCC_DYNAMIC_NO_PIC = YES;
				GCC_PRECOMPILE_PREFIX_HEADER = NO;
				IPHONEOS_DEPLOYMENT_TARGET = 5.0;
				SDKROOT = iphoneos;
				SYMROOT = "../lib/cinder-view/ios";
				TARGETED_DEVICE_FAMILY = "1,2";
			};
			name = Release;
		};
/* End XCBuildConfiguration section */

/* Begin XCConfigurationList section */
		1104F3C417753F10003EAA2B /* Build configuration list for PBXProject "cinder-view" */ = {
			isa = XCConfigurationList;
			buildConfigurations = (
				1104F3EB17753F10003EAA2B /* Debug */,
				1104F3EC17753F10003EAA2B /* Release */,
			);
			defaultConfigurationIsVisible = 0;
			defaultConfigurationName = Release;
		};
		1104F3ED17753F10003EAA2B /* Build configuration list for PBXNativeTarget "cinder-view-mac" */ = {
			isa = XCConfigurationList;
			buildConfigurations = (
				1104F3EE17753F10003EAA2B /* Debug */,
				1104F3EF17753F10003EAA2B /* Release */,
			);
			defaultConfigurationIsVisible = 0;
			defaultConfigurationName = Release;
		};
		11B04219179B90450034BEE2 /* Build configuration list for PBXNativeTarget "cinder-view-ios" */ = {
			isa = XCConfigurationList;
			buildConfigurations = (
				11B0421A179B90450034BEE2 /* Debug */,
				11B0421B179B90450034BEE2 /* Release */,
			);
			defaultConfigurationIsVisible = 0;
			defaultConfigurationName = Release;
		};
/* End XCConfigurationList section */
	};
	rootObject = 1104F3C117753F10003EAA2B /* Project object */;
}
